{
  "version": "5",
  "redirects": {
    "https://esm.sh/@supabase/functions-js@^2.1.5?target=denonext": "https://esm.sh/@supabase/functions-js@2.91.0?target=denonext",
    "https://esm.sh/@supabase/gotrue-js@^2.56.0?target=denonext": "https://esm.sh/@supabase/gotrue-js@2.91.0?target=denonext",
    "https://esm.sh/@supabase/node-fetch@^2.6.14?target=denonext": "https://esm.sh/@supabase/node-fetch@2.6.15?target=denonext",
    "https://esm.sh/@supabase/postgrest-js@^1.8.6?target=denonext": "https://esm.sh/@supabase/postgrest-js@1.21.4?target=denonext",
    "https://esm.sh/@supabase/realtime-js@^2.8.4?target=denonext": "https://esm.sh/@supabase/realtime-js@2.91.0?target=denonext",
    "https://esm.sh/@supabase/storage-js@^2.5.4?target=denonext": "https://esm.sh/@supabase/storage-js@2.91.0?target=denonext",
    "https://esm.sh/@types/camelize@~1.0.1/index.d.ts": "https://esm.sh/@types/camelize@1.0.1/index.d.ts",
    "https://esm.sh/@types/color-name@~1.1.5/index.d.ts": "https://esm.sh/@types/color-name@1.1.5/index.d.ts",
    "https://esm.sh/@types/escape-html@~1.0.4/index.d.ts": "https://esm.sh/@types/escape-html@1.0.4/index.d.ts",
    "https://esm.sh/@types/react@~18.2.79/index.d.ts": "https://esm.sh/@types/react@18.2.79/index.d.ts",
    "https://esm.sh/@types/react@~19.0.7/index.d.ts": "https://esm.sh/@types/react@19.0.14/index.d.ts",
    "https://esm.sh/@types/unicode-trie@~2.0.3/index.d.ts": "https://esm.sh/@types/unicode-trie@2.0.3/index.d.ts",
    "https://esm.sh/camelize@^1.0.0?target=denonext": "https://esm.sh/camelize@1.0.1?target=denonext",
    "https://esm.sh/color-name@^1.1.4?target=denonext": "https://esm.sh/color-name@1.1.4?target=denonext",
    "https://esm.sh/css-background-parser@^0.1.0?target=denonext": "https://esm.sh/css-background-parser@0.1.0?target=denonext",
    "https://esm.sh/css-color-keywords@^1.0.0?target=denonext": "https://esm.sh/css-color-keywords@1.0.0?target=denonext",
    "https://esm.sh/css-to-react-native@^3.0.0?target=denonext": "https://esm.sh/css-to-react-native@3.2.0?target=denonext",
    "https://esm.sh/escape-html@^1.0.3?target=denonext": "https://esm.sh/escape-html@1.0.3?target=denonext",
    "https://esm.sh/hex-rgb@^4.1.0?target=denonext": "https://esm.sh/hex-rgb@4.3.0?target=denonext",
    "https://esm.sh/iceberg-js@^0.8.1?target=denonext": "https://esm.sh/iceberg-js@0.8.1?target=denonext",
    "https://esm.sh/linebreak@^1.1.0?target=denonext": "https://esm.sh/linebreak@1.1.0?target=denonext",
    "https://esm.sh/parse-css-color@^0.2.1?target=denonext": "https://esm.sh/parse-css-color@0.2.1?target=denonext",
    "https://esm.sh/postcss-value-parser@^4.0.2?target=denonext": "https://esm.sh/postcss-value-parser@4.2.0?target=denonext",
    "https://esm.sh/postcss-value-parser@^4.2.0?target=denonext": "https://esm.sh/postcss-value-parser@4.2.0?target=denonext",
    "https://esm.sh/tiny-inflate@^1.0.0?target=denonext": "https://esm.sh/tiny-inflate@1.0.3?target=denonext",
    "https://esm.sh/tr46@~0.0.3?target=denonext": "https://esm.sh/tr46@0.0.3?target=denonext",
    "https://esm.sh/unicode-trie@^2.0.0?target=denonext": "https://esm.sh/unicode-trie@2.0.0?target=denonext",
    "https://esm.sh/webidl-conversions@^3.0.0?target=denonext": "https://esm.sh/webidl-conversions@3.0.1?target=denonext",
    "https://esm.sh/whatwg-url@^5.0.0?target=denonext": "https://esm.sh/whatwg-url@5.0.0?target=denonext",
    "https://esm.sh/yoga-wasm-web@^0.3.3/asm?target=denonext": "https://esm.sh/yoga-wasm-web@0.3.3/asm?target=denonext"
  },
  "remote": {
    "https://edge.netlify.com/": "fd941d61d88673d5f28aab283fb86fcc50f08a3bc80ee5470498fcfa88c65cfb",
    "https://edge.netlify.com/bootstrap/config.ts": "6a2ce0e544e15e8f8883a5c18da5948e37fd0f2619f68cb31f3af53c51817025",
    "https://edge.netlify.com/bootstrap/context.ts": "e97240232121e2f369f6546ce961490f34d961ea1ea54be3ff09633e3f08373f",
    "https://edge.netlify.com/bootstrap/cookie.ts": "8b0baae708989ca183c6f3b4ab3d029e6abcbc2e43f93edeb0ff447b3bbc3a05",
    "https://edge.netlify.com/bootstrap/edge_function.ts": "b8253e86aa83c67341f5cfedeba5049d77fbf84dcab7eceff7566b7728ae9b39",
    "https://edge.netlify.com/bootstrap/globals/types.ts": "eaa6148ded3121d8dee62dd91c86e7fe76601df0f3ca8d7962243a30f4c8935f",
    "https://esm.sh/@resvg/resvg-wasm@2.6.2/denonext/resvg-wasm.mjs": "206e2ea8a8f0534dceb64a02e9c8f09c060919326cb96f8eab533c3e97564f52",
    "https://esm.sh/@resvg/resvg-wasm@2.6.2?deno-std=0.140.0": "0657db3e6d5f5b08b63e93c566b7ea08569c5f895188c13b27dd495908e7e3df",
    "https://esm.sh/@shuding/opentype.js@1.4.0-beta.0/denonext/opentype.mjs": "0cca60bf1cda5c6e059b03a623c2250a968b94dc04df9daabb2748a90d140cba",
    "https://esm.sh/@supabase/auth-js@2.90.1/denonext/auth-js.mjs": "f2900150a8400b3f13df9b53d582d951d3ea2e430379aa14ce76625a2c3cf209",
    "https://esm.sh/@supabase/functions-js@2.90.1/denonext/functions-js.mjs": "ae961d62308ed59bca19c60cba7086c4b62c8931fe8d730df837319a21152d51",
    "https://esm.sh/@supabase/functions-js@2.91.0/denonext/functions-js.mjs": "5bb0f716ac0f6d3fe981ef663457d1f6fbebe53adaef6205cbee4d2e2c5a78a6",
    "https://esm.sh/@supabase/functions-js@2.91.0?target=denonext": "c3e950367dfd39caabb792de0bb14ce32af7a283218d0b08208657cf2d0efe3c",
    "https://esm.sh/@supabase/gotrue-js@2.91.0/denonext/gotrue-js.mjs": "e70c3a95893616389e1a581346fb01d5368c06f9315c93070ef60b39a474e2f9",
    "https://esm.sh/@supabase/gotrue-js@2.91.0?target=denonext": "4e0221ab250354cbdfd058bbcb3921a82e7d242c6d19cec681e0c0b3c33f58dc",
    "https://esm.sh/@supabase/node-fetch@2.6.15/denonext/node-fetch.mjs": "0bae9052231f4f6dbccc7234d05ea96923dbf967be12f402764580b6bf9f713d",
    "https://esm.sh/@supabase/node-fetch@2.6.15?target=denonext": "4d28c4ad97328403184353f68434f2b6973971507919e9150297413664919cf3",
    "https://esm.sh/@supabase/postgrest-js@1.21.4/denonext/postgrest-js.mjs": "c3769b11ef02debc78ecf6ab4e152d3cf7dbd05bbbafeb72c160e76cc57cda3c",
    "https://esm.sh/@supabase/postgrest-js@1.21.4?target=denonext": "db2315bc0ff19690cd4239c5adb5f5787f5dea04955058ef1fca541d49555ed6",
    "https://esm.sh/@supabase/postgrest-js@2.90.1/denonext/postgrest-js.mjs": "2582ef3ffa2033390c9c9a52bd8acb590ff5208ef76196bb5aaab09560ae10fa",
    "https://esm.sh/@supabase/realtime-js@2.90.1/denonext/realtime-js.mjs": "e055b7abb8de07ef789a6377ca79a4b2b0101f28af9ed5424749c7c899442080",
    "https://esm.sh/@supabase/realtime-js@2.91.0/denonext/realtime-js.mjs": "83b9a07c104252ff37fbb68419b479fb02dcb062edeb3354c414002e905cbbd7",
    "https://esm.sh/@supabase/realtime-js@2.91.0?target=denonext": "dd354ea0213cc6d0dd6a3fb0fbc0bc03ff5e9dd8315eaa5f2837c3fd6469b8ab",
    "https://esm.sh/@supabase/storage-js@2.90.1/denonext/storage-js.mjs": "2140c49e411a0b49f67d50c4e44d85724b2963854ff3b3aec7baab6e13d0b43e",
    "https://esm.sh/@supabase/storage-js@2.91.0/denonext/storage-js.mjs": "6a9dd0bb74db85b4c65837bdcca98478ac828e35b566e4d328e9d62b54e805f2",
    "https://esm.sh/@supabase/storage-js@2.91.0?target=denonext": "0ca579e4baae0544a0d86b6b5e3a7fae714d48f24246b9beb78af42d8548383a",
    "https://esm.sh/@supabase/supabase-js@2.39.0": "f51aeb2dbf8f67c8fa396628af45793e3513067d45705f1ea158f5c678bb0cea",
    "https://esm.sh/@supabase/supabase-js@2.39.0/denonext/supabase-js.mjs": "11e53e706626aa625a6c6dbe6a9a8a6dc6d66a0827cd43507f3a98a0a538ae3c",
    "https://esm.sh/@supabase/supabase-js@2.90.1": "fcf5e194d637ff365df76d1806e7c2f239905c4b08e83e5d95690a2b22e21a1d",
    "https://esm.sh/@supabase/supabase-js@2.90.1/denonext/supabase-js.mjs": "a6b3247b5dbe137e389c05f2a45e67f3d7e22e6501caa9cc5ee3861b63c8927c",
    "https://esm.sh/base64-js@0.0.8/denonext/base64-js.mjs": "c8210e137f5e9247dceb81535ad2e5145e0de3645518546a6b90b59d70ada011",
    "https://esm.sh/camelize@1.0.1/denonext/camelize.mjs": "c452bfdf56eff2485fc036727bf1513ccd998b5bf7b8017528f4c6001804e4a5",
    "https://esm.sh/camelize@1.0.1?target=denonext": "e16d00a4fb85e08deaee10963089b5817fb7171023039f0fe7b0239124fc0eb2",
    "https://esm.sh/color-name@1.1.4/denonext/color-name.mjs": "3b5b10fc0cd9f96d56c81cc7559a2106ff64a401a8100cd33e1f4b68e677c562",
    "https://esm.sh/color-name@1.1.4?target=denonext": "55709266f414e5115ac52d6831ba4951f7c8b9ac663f0f79ddc8ed782b4fb735",
    "https://esm.sh/css-background-parser@0.1.0/denonext/css-background-parser.mjs": "3781ddec25c0bd9f1243e76eec40fed5a5bbd7cd3fa14e273118139b30755155",
    "https://esm.sh/css-background-parser@0.1.0?target=denonext": "51a9834cd6ece8955d562351954d05e5927af96f1ff1a8323b937a3be01c4c0c",
    "https://esm.sh/css-box-shadow@1.0.0-3/denonext/css-box-shadow.mjs": "2cc6d39ea4de5d510796d35157bce82471702718450823b5bca8b9b31f0763ee",
    "https://esm.sh/css-color-keywords@1.0.0/denonext/css-color-keywords.mjs": "d795d2fc4a7d7fe912a5af38452784fae2acd8de914312dec5bf57e5d4efb499",
    "https://esm.sh/css-color-keywords@1.0.0?target=denonext": "fd7991fb5cf8004537c98242891251be3de36ee18c8a50191fec4d7e287ec5cc",
    "https://esm.sh/css-to-react-native@3.2.0/denonext/css-to-react-native.mjs": "14569a049a27ac1ce66380c82ad340b7f73ae329e007d342ab5221e6c41e4a30",
    "https://esm.sh/css-to-react-native@3.2.0?target=denonext": "8a1e9a0a89f453e1be791e1f660af19bfc7e2ef44f3d843a021c9e4d61355fb8",
    "https://esm.sh/escape-html@1.0.3/denonext/escape-html.mjs": "7d528edd50eaa87731b12051002ab2ecdf25c68130c79828204bfc24705c165d",
    "https://esm.sh/escape-html@1.0.3?target=denonext": "2ed5baeaf5ded2428093b5f18efe7073cc65a2403c4885f65f3c1d3345d2ed8b",
    "https://esm.sh/hex-rgb@4.3.0/denonext/hex-rgb.mjs": "9453500c9f73a6e1dca1a64ad3f97e720b6a43792853244aaa7db8e6b99157f1",
    "https://esm.sh/hex-rgb@4.3.0?target=denonext": "5c881c644ae6f0001621d0ea0b3a92e59735b1fb2385d283d02a3a91a0fd9e77",
    "https://esm.sh/iceberg-js@0.8.1/denonext/iceberg-js.mjs": "d839d81a2e3966500ca2cdd0c1cb458e9608bacfc91f7bb67a69b2e878dcdb4f",
    "https://esm.sh/iceberg-js@0.8.1?target=denonext": "58c849d7fe2bf4eca4a84eb501e83c161a7d8c34ca1bec15a962b3bec3062633",
    "https://esm.sh/linebreak@1.1.0/denonext/linebreak.mjs": "cd27398cd76dd42771ff8a224a637884c7921af06cea71937ed9a77df98ae954",
    "https://esm.sh/linebreak@1.1.0?target=denonext": "3348208f472aeb6c1b66d784463da674fab1d203f92aa7b1f91e38b52ddb3b16",
    "https://esm.sh/parse-css-color@0.2.1/denonext/parse-css-color.mjs": "2c93541e27edc1bdb9835a0e66f14d6e78a675e6a69e69ab2e3555898789c243",
    "https://esm.sh/parse-css-color@0.2.1?target=denonext": "3c18482e51a896207a32b154fe4a44f4cd229631d88d9f5feba6beb763904f84",
    "https://esm.sh/postcss-value-parser@4.2.0/denonext/postcss-value-parser.mjs": "2734c0eb4eb5e6a9905fb179ed2f329a346ac076735dbf0bc889276cbfe952bc",
    "https://esm.sh/postcss-value-parser@4.2.0?target=denonext": "f11ba11f7fe1a5768433011193e133bf80a697154aab65f582bf653305a571d1",
    "https://esm.sh/react@18.2.0/denonext/react.mjs": "a986c2876dc2f73879f395e677dc34cb751f260e69db16364810655f884df173",
    "https://esm.sh/react@18.2.0?deno-std=0.140.0": "fed8aeb7d240bb42a2167c9c7c6e842e128c7630cbcb08c4d61c9c1926f89c75",
    "https://esm.sh/satori@0.10.13/denonext/satori.mjs": "52dc32f6d9bafb1d4cccb44e2ae5800969ce01c60a776e340befd8d06e15ffa5",
    "https://esm.sh/satori@0.10.13?deno-std=0.140.0": "466fce1889e84dd813f3822553929ae44bc6020c1b7c448776bfa1bd90126936",
    "https://esm.sh/tiny-inflate@1.0.3/denonext/tiny-inflate.mjs": "1b04f32ea95b17d5681d67ae3aaabe5f2eff6c2fc18f0acb6beceb9ef350b14f",
    "https://esm.sh/tiny-inflate@1.0.3?target=denonext": "6a34143de11788c63e5c2af653bd50c3073cbd076ea3692101cbf01a86572725",
    "https://esm.sh/tr46@0.0.3/denonext/tr46.mjs": "5753ec0a99414f4055f0c1f97691100f13d88e48a8443b00aebb90a512785fa2",
    "https://esm.sh/tr46@0.0.3?target=denonext": "19cb9be0f0d418a0c3abb81f2df31f080e9540a04e43b0f699bce1149cba0cbb",
    "https://esm.sh/tslib@2.8.1/denonext/tslib.mjs": "c38da5dd6da6281964435002ce204cd586634fe3bdfb24a0ee116f48cf3292e9",
    "https://esm.sh/unicode-trie@2.0.0/denonext/unicode-trie.mjs": "d1fac9aba42e42df1de8bd22ebe51d6f81b06e6a4bd9ec608d0e8a3d72b8cbf8",
    "https://esm.sh/unicode-trie@2.0.0?target=denonext": "97efcdc8ab9affa26453c8c981b7a05c1aae6f1ef3dc992ddb69244476caacfa",
    "https://esm.sh/webidl-conversions@3.0.1/denonext/webidl-conversions.mjs": "54b5c2d50a294853c4ccebf9d5ed8988c94f4e24e463d84ec859a866ea5fafec",
    "https://esm.sh/webidl-conversions@3.0.1?target=denonext": "4e20318d50528084616c79d7b3f6e7f0fe7b6d09013bd01b3974d7448d767e29",
    "https://esm.sh/whatwg-url@5.0.0/denonext/whatwg-url.mjs": "29b16d74ee72624c915745bbd25b617cfd2248c6af0f5120d131e232a9a9af79",
    "https://esm.sh/whatwg-url@5.0.0?target=denonext": "f001a2cadf81312d214ca330033f474e74d81a003e21e8c5d70a1f46dc97b02d",
    "https://esm.sh/yoga-wasm-web@0.3.3/asm?target=denonext": "4bf203af38720ceb4b8819b5ab7021ea742af638e14b4bfb9a44d3aa0628bb9f",
    "https://esm.sh/yoga-wasm-web@0.3.3/denonext/asm.mjs": "3d90d9b2fdc20b13edf7448b0e052c5452583652e2378d0c339dc13a798755ae",
    "https://esm.sh/yoga-wasm-web@0.3.3/denonext/dist/wrapAsm-f766f97f.mjs": "d05bfe075aca55d08d2ecc56f20aa8ced8638b752cdc122e19c46ff8bfb6762e"
  },
  "workspace": {
    "packageJson": {
      "dependencies": [
        "npm:@axe-core/react@^4.11.0",
        "npm:@commitlint/cli@19",
        "npm:@commitlint/config-conventional@19",
        "npm:@eslint/js@^9.39.2",
        "npm:@supabase/supabase-js@^2.90.1",
        "npm:@tanstack/react-router-devtools@^1.146.2",
        "npm:@tanstack/react-router@^1.146.2",
        "npm:@tanstack/react-table@^8.21.3",
        "npm:@tanstack/router-vite-plugin@^1.146.2",
        "npm:@testing-library/jest-dom@^6.9.1",
        "npm:@testing-library/react@^16.3.1",
        "npm:@testing-library/user-event@^14.6.1",
        "npm:@types/react-dom@^18.3.1",
        "npm:@types/react@^18.3.12",
        "npm:@typescript-eslint/eslint-plugin@^8.53.1",
        "npm:@typescript-eslint/parser@^8.53.1",
        "npm:@vercel/og@~0.8.6",
        "npm:@vitejs/plugin-react@^4.3.4",
        "npm:autoprefixer@^10.4.20",
        "npm:clsx@^2.1.1",
        "npm:dotenv@^17.2.3",
        "npm:eslint-plugin-jsx-a11y@^6.10.2",
        "npm:eslint-plugin-react-hooks@^7.0.1",
        "npm:eslint-plugin-react-refresh@~0.4.26",
        "npm:eslint-plugin-react@^7.37.5",
        "npm:eslint@^9.39.2",
        "npm:globals@17",
        "npm:husky@9",
        "npm:jsdom@^27.4.0",
        "npm:lucide-react@0.562",
        "npm:postcss@^8.4.49",
        "npm:react-dom@^18.3.1",
        "npm:react@^18.3.1",
        "npm:recharts@^3.6.0",
        "npm:tailwind-merge@^3.4.0",
        "npm:tailwindcss@^3.4.17",
        "npm:typescript-eslint@^8.53.1",
        "npm:vite-plugin-singlefile@^2.3.0",
        "npm:vite@^6.0.3",
        "npm:vitest-axe@0.1",
        "npm:vitest@^4.0.16"
      ]
    }
  }
}
